
Microsoft Visual Studio Solution File, Format Version 12.00
# Visual Studio Version 16
VisualStudioVersion = 16.0.31729.503
MinimumVisualStudioVersion = 10.0.40219.1
Project("{FAE04EC0-301F-11D3-BF4B-00C04F79EFBC}") = "PointsTest", "PointsTest\PointsTest.csproj", "{C82001F1-219D-41E3-9F0C-F5091776AD08}"
EndProject
Global
	GlobalSection(SolutionConfigurationPlatforms) = preSolution
		Debug|Any CPU = Debug|Any CPU
		Release|Any CPU = Release|Any CPU
	EndGlobalSection
	GlobalSection(ProjectConfigurationPlatforms) = postSolution
		{C82001F1-219D-41E3-9F0C-F5091776AD08}.Debug|Any CPU.ActiveCfg = Debug|Any CPU
		{C82001F1-219D-41E3-9F0C-F5091776AD08}.Debug|Any CPU.Build.0 = Debug|Any CPU
		{C82001F1-219D-41E3-9F0C-F5091776AD08}.Release|Any CPU.ActiveCfg = Release|Any CPU
		{C82001F1-219D-41E3-9F0C-F5091776AD08}.Release|Any CPU.Build.0 = Release|Any CPU
	EndGlobalSection
	GlobalSection(SolutionProperties) = preSolution
		HideSolutionNode = FALSE
	EndGlobalSection
	GlobalSection(ExtensibilityGlobals) = postSolution
		SolutionGuid = {07DE1672-0F43-41FE-9F00-D634DBE996F3}
	EndGlobalSection
EndGlobal
